// !$*UTF8*$!
{
	archiveVersion = 1;
	classes = {
	};
	objectVersion = 56;
	objects = {

/* Begin PBXBuildFile section */
		B77BAD612D092AA000808008 /* T2_DAMIIApp.swift in Sources */ = {isa = PBXBuildFile; fileRef = B77BAD602D092AA000808008 /* T2_DAMIIApp.swift */; };
		B77BAD652D092AA100808008 /* Assets.xcassets in Resources */ = {isa = PBXBuildFile; fileRef = B77BAD642D092AA100808008 /* Assets.xcassets */; };
		B77BAD682D092AA100808008 /* Preview Assets.xcassets in Resources */ = {isa = PBXBuildFile; fileRef = B77BAD672D092AA100808008 /* Preview Assets.xcassets */; };
		B77BAD6D2D092AA100808008 /* T2_DAMII.xcdatamodeld in Sources */ = {isa = PBXBuildFile; fileRef = B77BAD6B2D092AA100808008 /* T2_DAMII.xcdatamodeld */; };
		B77BAD752D092BA500808008 /* Persistence.swift in Sources */ = {isa = PBXBuildFile; fileRef = B77BAD742D092BA500808008 /* Persistence.swift */; };
		B77BAD772D092C7E00808008 /* ListaProductosView.swift in Sources */ = {isa = PBXBuildFile; fileRef = B77BAD762D092C7E00808008 /* ListaProductosView.swift */; };
		B77BAD792D092EC100808008 /* FormRegistroProducto.swift in Sources */ = {isa = PBXBuildFile; fileRef = B77BAD782D092EC100808008 /* FormRegistroProducto.swift */; };
		B77BAD7B2D09366000808008 /* DetalleProductoView.swift in Sources */ = {isa = PBXBuildFile; fileRef = B77BAD7A2D09366000808008 /* DetalleProductoView.swift */; };
		B77BAD7D2D0937A000808008 /* FormEditarProductoView.swift in Sources */ = {isa = PBXBuildFile; fileRef = B77BAD7C2D0937A000808008 /* FormEditarProductoView.swift */; };
/* End PBXBuildFile section */

/* Begin PBXFileReference section */
		B77BAD5D2D092AA000808008 /* T2_DAMII.app */ = {isa = PBXFileReference; explicitFileType = wrapper.application; includeInIndex = 0; path = T2_DAMII.app; sourceTree = BUILT_PRODUCTS_DIR; };
		B77BAD602D092AA000808008 /* T2_DAMIIApp.swift */ = {isa = PBXFileReference; lastKnownFileType = sourcecode.swift; path = T2_DAMIIApp.swift; sourceTree = "<group>"; };
		B77BAD642D092AA100808008 /* Assets.xcassets */ = {isa = PBXFileReference; lastKnownFileType = folder.assetcatalog; path = Assets.xcassets; sourceTree = "<group>"; };
		B77BAD672D092AA100808008 /* Preview Assets.xcassets */ = {isa = PBXFileReference; lastKnownFileType = folder.assetcatalog; path = "Preview Assets.xcassets"; sourceTree = "<group>"; };
		B77BAD6C2D092AA100808008 /* T2_DAMII.xcdatamodel */ = {isa = PBXFileReference; lastKnownFileType = wrapper.xcdatamodel; path = T2_DAMII.xcdatamodel; sourceTree = "<group>"; };
		B77BAD742D092BA500808008 /* Persistence.swift */ = {isa = PBXFileReference; lastKnownFileType = sourcecode.swift; path = Persistence.swift; sourceTree = "<group>"; };
		B77BAD762D092C7E00808008 /* ListaProductosView.swift */ = {isa = PBXFileReference; lastKnownFileType = sourcecode.swift; path = ListaProductosView.swift; sourceTree = "<group>"; };
		B77BAD782D092EC100808008 /* FormRegistroProducto.swift */ = {isa = PBXFileReference; lastKnownFileType = sourcecode.swift; path = FormRegistroProducto.swift; sourceTree = "<group>"; };
		B77BAD7A2D09366000808008 /* DetalleProductoView.swift */ = {isa = PBXFileReference; lastKnownFileType = sourcecode.swift; path = DetalleProductoView.swift; sourceTree = "<group>"; };
		B77BAD7C2D0937A000808008 /* FormEditarProductoView.swift */ = {isa = PBXFileReference; lastKnownFileType = sourcecode.swift; path = FormEditarProductoView.swift; sourceTree = "<group>"; };
/* End PBXFileReference section */

/* Begin PBXFrameworksBuildPhase section */
		B77BAD5A2D092AA000808008 /* Frameworks */ = {
			isa = PBXFrameworksBuildPhase;
			buildActionMask = 2147483647;
			files = (
			);
			runOnlyForDeploymentPostprocessing = 0;
		};
/* End PBXFrameworksBuildPhase section */

/* Begin PBXGroup section */
		B77BAD542D092A9F00808008 = {
			isa = PBXGroup;
			children = (
				B77BAD5F2D092AA000808008 /* T2_DAMII */,
				B77BAD5E2D092AA000808008 /* Products */,
			);
			sourceTree = "<group>";
		};
		B77BAD5E2D092AA000808008 /* Products */ = {
			isa = PBXGroup;
			children = (
				B77BAD5D2D092AA000808008 /* T2_DAMII.app */,
			);
			name = Products;
			sourceTree = "<group>";
		};
		B77BAD5F2D092AA000808008 /* T2_DAMII */ = {
			isa = PBXGroup;
			children = (
				B77BAD602D092AA000808008 /* T2_DAMIIApp.swift */,
				B77BAD642D092AA100808008 /* Assets.xcassets */,
				B77BAD6B2D092AA100808008 /* T2_DAMII.xcdatamodeld */,
				B77BAD662D092AA100808008 /* Preview Content */,
				B77BAD742D092BA500808008 /* Persistence.swift */,
				B77BAD762D092C7E00808008 /* ListaProductosView.swift */,
				B77BAD782D092EC100808008 /* FormRegistroProducto.swift */,
				B77BAD7A2D09366000808008 /* DetalleProductoView.swift */,
				B77BAD7C2D0937A000808008 /* FormEditarProductoView.swift */,
			);
			path = T2_DAMII;
			sourceTree = "<group>";
		};
		B77BAD662D092AA100808008 /* Preview Content */ = {
			isa = PBXGroup;
			children = (
				B77BAD672D092AA100808008 /* Preview Assets.xcassets */,
			);
			path = "Preview Content";
			sourceTree = "<group>";
		};
/* End PBXGroup section */

/* Begin PBXNativeTarget section */
		B77BAD5C2D092AA000808008 /* T2_DAMII */ = {
			isa = PBXNativeTarget;
			buildConfigurationList = B77BAD702D092AA100808008 /* Build configuration list for PBXNativeTarget "T2_DAMII" */;
			buildPhases = (
				B77BAD592D092AA000808008 /* Sources */,
				B77BAD5A2D092AA000808008 /* Frameworks */,
				B77BAD5B2D092AA000808008 /* Resources */,
			);
			buildRules = (
			);
			dependencies = (
			);
			name = T2_DAMII;
			productName = T2_DAMII;
			productReference = B77BAD5D2D092AA000808008 /* T2_DAMII.app */;
			productType = "com.apple.product-type.application";
		};
/* End PBXNativeTarget section */

/* Begin PBXProject section */
		B77BAD552D092A9F00808008 /* Project object */ = {
			isa = PBXProject;
			attributes = {
				BuildIndependentTargetsInParallel = 1;
				LastSwiftUpdateCheck = 1420;
				LastUpgradeCheck = 1420;
				TargetAttributes = {
					B77BAD5C2D092AA000808008 = {
						CreatedOnToolsVersion = 14.2;
					};
				};
			};
			buildConfigurationList = B77BAD582D092A9F00808008 /* Build configuration list for PBXProject "T2_DAMII" */;
			compatibilityVersion = "Xcode 14.0";
			developmentRegion = en;
			hasScannedForEncodings = 0;
			knownRegions = (
				en,
				Base,
			);
			mainGroup = B77BAD542D092A9F00808008;
			productRefGroup = B77BAD5E2D092AA000808008 /* Products */;
			projectDirPath = "";
			projectRoot = "";
			targets = (
				B77BAD5C2D092AA000808008 /* T2_DAMII */,
			);
		};
/* End PBXProject section */

/* Begin PBXResourcesBuildPhase section */
		B77BAD5B2D092AA000808008 /* Resources */ = {
			isa = PBXResourcesBuildPhase;
			buildActionMask = 2147483647;
			files = (
				B77BAD682D092AA100808008 /* Preview Assets.xcassets in Resources */,
				B77BAD652D092AA100808008 /* Assets.xcassets in Resources */,
			);
			runOnlyForDeploymentPostprocessing = 0;
		};
/* End PBXResourcesBuildPhase section */

/* Begin PBXSourcesBuildPhase section */
		B77BAD592D092AA000808008 /* Sources */ = {
			isa = PBXSourcesBuildPhase;
			buildActionMask = 2147483647;
			files = (
				B77BAD752D092BA500808008 /* Persistence.swift in Sources */,
				B77BAD7D2D0937A000808008 /* FormEditarProductoView.swift in Sources */,
				B77BAD6D2D092AA100808008 /* T2_DAMII.xcdatamodeld in Sources */,
				B77BAD7B2D09366000808008 /* DetalleProductoView.swift in Sources */,
				B77BAD772D092C7E00808008 /* ListaProductosView.swift in Sources */,
				B77BAD792D092EC100808008 /* FormRegistroProducto.swift in Sources */,
				B77BAD612D092AA000808008 /* T2_DAMIIApp.swift in Sources */,
			);
			runOnlyForDeploymentPostprocessing = 0;
		};
/* End PBXSourcesBuildPhase section */

/* Begin XCBuildConfiguration section */
		B77BAD6E2D092AA100808008 /* Debug */ = {
			isa = XCBuildConfiguration;
			buildSettings = {
				ALWAYS_SEARCH_USER_PATHS = NO;
				CLANG_ANALYZER_NONNULL = YES;
				CLANG_ANALYZER_NUMBER_OBJECT_CONVERSION = YES_AGGRESSIVE;
				CLANG_CXX_LANGUAGE_STANDARD = "gnu++20";
				CLANG_ENABLE_MODULES = YES;
				CLANG_ENABLE_OBJC_ARC = YES;
				CLANG_ENABLE_OBJC_WEAK = YES;
				CLANG_WARN_BLOCK_CAPTURE_AUTORELEASING = YES;
				CLANG_WARN_BOOL_CONVERSION = YES;
				CLANG_WARN_COMMA = YES;
				CLANG_WARN_CONSTANT_CONVERSION = YES;
				CLANG_WARN_DEPRECATED_OBJC_IMPLEMENTATIONS = YES;
				CLANG_WARN_DIRECT_OBJC_ISA_USAGE = YES_ERROR;
				CLANG_WARN_DOCUMENTATION_COMMENTS = YES;
				CLANG_WARN_EMPTY_BODY = YES;
				CLANG_WARN_ENUM_CONVERSION = YES;
				CLANG_WARN_INFINITE_RECURSION = YES;
				CLANG_WARN_INT_CONVERSION = YES;
				CLANG_WARN_NON_LITERAL_NULL_CONVERSION = YES;
				CLANG_WARN_OBJC_IMPLICIT_RETAIN_SELF = YES;
				CLANG_WARN_OBJC_LITERAL_CONVERSION = YES;
				CLANG_WARN_OBJC_ROOT_CLASS = YES_ERROR;
				CLANG_WARN_QUOTED_INCLUDE_IN_FRAMEWORK_HEADER = YES;
				CLANG_WARN_RANGE_LOOP_ANALYSIS = YES;
				CLANG_WARN_STRICT_PROTOTYPES = YES;
				CLANG_WARN_SUSPICIOUS_MOVE = YES;
				CLANG_WARN_UNGUARDED_AVAILABILITY = YES_AGGRESSIVE;
				CLANG_WARN_UNREACHABLE_CODE = YES;
				CLANG_WARN__DUPLICATE_METHOD_MATCH = YES;
				COPY_PHASE_STRIP = NO;
				DEBUG_INFORMATION_FORMAT = dwarf;
				ENABLE_STRICT_OBJC_MSGSEND = YES;
				ENABLE_TESTABILITY = YES;
				GCC_C_LANGUAGE_STANDARD = gnu11;
				GCC_DYNAMIC_NO_PIC = NO;
				GCC_NO_COMMON_BLOCKS = YES;
				GCC_OPTIMIZATION_LEVEL = 0;
				GCC_PREPROCESSOR_DEFINITIONS = (
					"DEBUG=1",
					"$(inherited)",
				);
				GCC_WARN_64_TO_32_BIT_CONVERSION = YES;
				GCC_WARN_ABOUT_RETURN_TYPE = YES_ERROR;
				GCC_WARN_UNDECLARED_SELECTOR = YES;
				GCC_WARN_UNINITIALIZED_AUTOS = YES_AGGRESSIVE;
				GCC_WARN_UNUSED_FUNCTION = YES;
				GCC_WARN_UNUSED_VARIABLE = YES;
				IPHONEOS_DEPLOYMENT_TARGET = 16.2;
				MTL_ENABLE_DEBUG_INFO = INCLUDE_SOURCE;
				MTL_FAST_MATH = YES;
				ONLY_ACTIVE_ARCH = YES;
				SDKROOT = iphoneos;
				SWIFT_ACTIVE_COMPILATION_CONDITIONS = DEBUG;
				SWIFT_OPTIMIZATION_LEVEL = "-Onone";
			};
			name = Debug;
		};
		B77BAD6F2D092AA100808008 /* Release */ = {
			isa = XCBuildConfiguration;
			buildSettings = {
				ALWAYS_SEARCH_USER_PATHS = NO;
				CLANG_ANALYZER_NONNULL = YES;
				CLANG_ANALYZER_NUMBER_OBJECT_CONVERSION = YES_AGGRESSIVE;
				CLANG_CXX_LANGUAGE_STANDARD = "gnu++20";
				CLANG_ENABLE_MODULES = YES;
				CLANG_ENABLE_OBJC_ARC = YES;
				CLANG_ENABLE_OBJC_WEAK = YES;
				CLANG_WARN_BLOCK_CAPTURE_AUTORELEASING = YES;
				CLANG_WARN_BOOL_CONVERSION = YES;
				CLANG_WARN_COMMA = YES;
				CLANG_WARN_CONSTANT_CONVERSION = YES;
				CLANG_WARN_DEPRECATED_OBJC_IMPLEMENTATIONS = YES;
				CLANG_WARN_DIRECT_OBJC_ISA_USAGE = YES_ERROR;
				CLANG_WARN_DOCUMENTATION_COMMENTS = YES;
				CLANG_WARN_EMPTY_BODY = YES;
				CLANG_WARN_ENUM_CONVERSION = YES;
				CLANG_WARN_INFINITE_RECURSION = YES;
				CLANG_WARN_INT_CONVERSION = YES;
				CLANG_WARN_NON_LITERAL_NULL_CONVERSION = YES;
				CLANG_WARN_OBJC_IMPLICIT_RETAIN_SELF = YES;
				CLANG_WARN_OBJC_LITERAL_CONVERSION = YES;
				CLANG_WARN_OBJC_ROOT_CLASS = YES_ERROR;
				CLANG_WARN_QUOTED_INCLUDE_IN_FRAMEWORK_HEADER = YES;
				CLANG_WARN_RANGE_LOOP_ANALYSIS = YES;
				CLANG_WARN_STRICT_PROTOTYPES = YES;
				CLANG_WARN_SUSPICIOUS_MOVE = YES;
				CLANG_WARN_UNGUARDED_AVAILABILITY = YES_AGGRESSIVE;
				CLANG_WARN_UNREACHABLE_CODE = YES;
				CLANG_WARN__DUPLICATE_METHOD_MATCH = YES;
				COPY_PHASE_STRIP = NO;
				DEBUG_INFORMATION_FORMAT = "dwarf-with-dsym";
				ENABLE_NS_ASSERTIONS = NO;
				ENABLE_STRICT_OBJC_MSGSEND = YES;
				GCC_C_LANGUAGE_STANDARD = gnu11;
				GCC_NO_COMMON_BLOCKS = YES;
				GCC_WARN_64_TO_32_BIT_CONVERSION = YES;
				GCC_WARN_ABOUT_RETURN_TYPE = YES_ERROR;
				GCC_WARN_UNDECLARED_SELECTOR = YES;
				GCC_WARN_UNINITIALIZED_AUTOS = YES_AGGRESSIVE;
				GCC_WARN_UNUSED_FUNCTION = YES;
				GCC_WARN_UNUSED_VARIABLE = YES;
				IPHONEOS_DEPLOYMENT_TARGET = 16.2;
				MTL_ENABLE_DEBUG_INFO = NO;
				MTL_FAST_MATH = YES;
				SDKROOT = iphoneos;
				SWIFT_COMPILATION_MODE = wholemodule;
				SWIFT_OPTIMIZATION_LEVEL = "-O";
				VALIDATE_PRODUCT = YES;
			};
			name = Release;
		};
		B77BAD712D092AA100808008 /* Debug */ = {
			isa = XCBuildConfiguration;
			buildSettings = {
				ASSETCATALOG_COMPILER_APPICON_NAME = AppIcon;
				ASSETCATALOG_COMPILER_GLOBAL_ACCENT_COLOR_NAME = AccentColor;
				CODE_SIGN_STYLE = Automatic;
				CURRENT_PROJECT_VERSION = 1;
				DEVELOPMENT_ASSET_PATHS = "\"T2_DAMII/Preview Content\"";
				ENABLE_PREVIEWS = YES;
				GENERATE_INFOPLIST_FILE = YES;
				INFOPLIST_KEY_UIApplicationSceneManifest_Generation = YES;
				INFOPLIST_KEY_UIApplicationSupportsIndirectInputEvents = YES;
				INFOPLIST_KEY_UILaunchScreen_Generation = YES;
				INFOPLIST_KEY_UISupportedInterfaceOrientations_iPad = "UIInterfaceOrientationPortrait UIInterfaceOrientationPortraitUpsideDown UIInterfaceOrientationLandscapeLeft UIInterfaceOrientationLandscapeRight";
				INFOPLIST_KEY_UISupportedInterfaceOrientations_iPhone = "UIInterfaceOrientationPortrait UIInterfaceOrientationLandscapeLeft UIInterfaceOrientationLandscapeRight";
				LD_RUNPATH_SEARCH_PATHS = (
					"$(inherited)",
					"@executable_path/Frameworks",
				);
				MARKETING_VERSION = 1.0;
				PRODUCT_BUNDLE_IDENTIFIER = "pe.edu.cibertec.T2-DAMII";
				PRODUCT_NAME = "$(TARGET_NAME)";
				SWIFT_EMIT_LOC_STRINGS = YES;
				SWIFT_VERSION = 5.0;
				TARGETED_DEVICE_FAMILY = "1,2";
			};
			name = Debug;
		};
		B77BAD722D092AA100808008 /* Release */ = {
			isa = XCBuildConfiguration;
			buildSettings = {
				ASSETCATALOG_COMPILER_APPICON_NAME = AppIcon;
				ASSETCATALOG_COMPILER_GLOBAL_ACCENT_COLOR_NAME = AccentColor;
				CODE_SIGN_STYLE = Automatic;
				CURRENT_PROJECT_VERSION = 1;
				DEVELOPMENT_ASSET_PATHS = "\"T2_DAMII/Preview Content\"";
				ENABLE_PREVIEWS = YES;
				GENERATE_INFOPLIST_FILE = YES;
				INFOPLIST_KEY_UIApplicationSceneManifest_Generation = YES;
				INFOPLIST_KEY_UIApplicationSupportsIndirectInputEvents = YES;
				INFOPLIST_KEY_UILaunchScreen_Generation = YES;
				INFOPLIST_KEY_UISupportedInterfaceOrientations_iPad = "UIInterfaceOrientationPortrait UIInterfaceOrientationPortraitUpsideDown UIInterfaceOrientationLandscapeLeft UIInterfaceOrientationLandscapeRight";
				INFOPLIST_KEY_UISupportedInterfaceOrientations_iPhone = "UIInterfaceOrientationPortrait UIInterfaceOrientationLandscapeLeft UIInterfaceOrientationLandscapeRight";
				LD_RUNPATH_SEARCH_PATHS = (
					"$(inherited)",
					"@executable_path/Frameworks",
				);
				MARKETING_VERSION = 1.0;
				PRODUCT_BUNDLE_IDENTIFIER = "pe.edu.cibertec.T2-DAMII";
				PRODUCT_NAME = "$(TARGET_NAME)";
				SWIFT_EMIT_LOC_STRINGS = YES;
				SWIFT_VERSION = 5.0;
				TARGETED_DEVICE_FAMILY = "1,2";
			};
			name = Release;
		};
/* End XCBuildConfiguration section */

/* Begin XCConfigurationList section */
		B77BAD582D092A9F00808008 /* Build configuration list for PBXProject "T2_DAMII" */ = {
			isa = XCConfigurationList;
			buildConfigurations = (
				B77BAD6E2D092AA100808008 /* Debug */,
				B77BAD6F2D092AA100808008 /* Release */,
			);
			defaultConfigurationIsVisible = 0;
			defaultConfigurationName = Release;
		};
		B77BAD702D092AA100808008 /* Build configuration list for PBXNativeTarget "T2_DAMII" */ = {
			isa = XCConfigurationList;
			buildConfigurations = (
				B77BAD712D092AA100808008 /* Debug */,
				B77BAD722D092AA100808008 /* Release */,
			);
			defaultConfigurationIsVisible = 0;
			defaultConfigurationName = Release;
		};
/* End XCConfigurationList section */

/* Begin XCVersionGroup section */
		B77BAD6B2D092AA100808008 /* T2_DAMII.xcdatamodeld */ = {
			isa = XCVersionGroup;
			children = (
				B77BAD6C2D092AA100808008 /* T2_DAMII.xcdatamodel */,
			);
			currentVersion = B77BAD6C2D092AA100808008 /* T2_DAMII.xcdatamodel */;
			path = T2_DAMII.xcdatamodeld;
			sourceTree = "<group>";
			versionGroupType = wrapper.xcdatamodel;
		};
/* End XCVersionGroup section */
	};
	rootObject = B77BAD552D092A9F00808008 /* Project object */;
}
